// !$*UTF8*$!
{
	archiveVersion = 1;
	classes = {
	};
	objectVersion = 56;
	objects = {

/* Begin PBXBuildFile section */
		2D02AB8F29BF327C00D8DFFD /* CommandStatus.swift in Sources */ = {isa = PBXBuildFile; fileRef = 2D02AB8E29BF327C00D8DFFD /* CommandStatus.swift */; };
		2D02AB9029BF327C00D8DFFD /* CommandStatus.swift in Sources */ = {isa = PBXBuildFile; fileRef = 2D02AB8E29BF327C00D8DFFD /* CommandStatus.swift */; };
		2D02AB9629BF3C0500D8DFFD /* watchos Watch App.app in Embed Watch Content */ = {isa = PBXBuildFile; fileRef = 2D78698B29BA00D700951F2F /* watchos Watch App.app */; settings = {ATTRIBUTES = (RemoveHeadersOnCopy, ); }; };
		2D47550629C1F4D700CD641E /* MessageManager.swift in Sources */ = {isa = PBXBuildFile; fileRef = 2D47550529C1F4D700CD641E /* MessageManager.swift */; };
		2D47550729C1F4D700CD641E /* MessageManager.swift in Sources */ = {isa = PBXBuildFile; fileRef = 2D47550529C1F4D700CD641E /* MessageManager.swift */; };
		2D4C768729B9FA93007560B7 /* AppDelegate.m in Sources */ = {isa = PBXBuildFile; fileRef = 2D4C768629B9FA93007560B7 /* AppDelegate.m */; };
		2D4C768A29B9FA93007560B7 /* SceneDelegate.m in Sources */ = {isa = PBXBuildFile; fileRef = 2D4C768929B9FA93007560B7 /* SceneDelegate.m */; };
		2D4C768D29B9FA93007560B7 /* ViewController.m in Sources */ = {isa = PBXBuildFile; fileRef = 2D4C768C29B9FA93007560B7 /* ViewController.m */; };
		2D4C769029B9FA93007560B7 /* Main.storyboard in Resources */ = {isa = PBXBuildFile; fileRef = 2D4C768E29B9FA93007560B7 /* Main.storyboard */; };
		2D4C769229B9FA97007560B7 /* Assets.xcassets in Resources */ = {isa = PBXBuildFile; fileRef = 2D4C769129B9FA97007560B7 /* Assets.xcassets */; };
		2D4C769529B9FA97007560B7 /* LaunchScreen.storyboard in Resources */ = {isa = PBXBuildFile; fileRef = 2D4C769329B9FA97007560B7 /* LaunchScreen.storyboard */; };
		2D4C769829B9FA97007560B7 /* main.m in Sources */ = {isa = PBXBuildFile; fileRef = 2D4C769729B9FA97007560B7 /* main.m */; };
		2D78698E29BA00D700951F2F /* watchosApp.swift in Sources */ = {isa = PBXBuildFile; fileRef = 2D78698D29BA00D700951F2F /* watchosApp.swift */; };
		2D78699029BA00D700951F2F /* ContentView.swift in Sources */ = {isa = PBXBuildFile; fileRef = 2D78698F29BA00D700951F2F /* ContentView.swift */; };
		2D78699229BA00D800951F2F /* Assets.xcassets in Resources */ = {isa = PBXBuildFile; fileRef = 2D78699129BA00D800951F2F /* Assets.xcassets */; };
		2D78699529BA00D800951F2F /* Preview Assets.xcassets in Resources */ = {isa = PBXBuildFile; fileRef = 2D78699429BA00D800951F2F /* Preview Assets.xcassets */; };
		2D78699B29BA026300951F2F /* WatchConnectivity.framework in Frameworks */ = {isa = PBXBuildFile; fileRef = 2D78699A29BA026300951F2F /* WatchConnectivity.framework */; };
		2D78699D29BA027300951F2F /* WatchConnectivity.framework in Frameworks */ = {isa = PBXBuildFile; fileRef = 2D78699C29BA027300951F2F /* WatchConnectivity.framework */; };
		2DE5933029C71FE000779D07 /* crypt.c in Sources */ = {isa = PBXBuildFile; fileRef = 2DE5930A29C71FE000779D07 /* crypt.c */; };
		2DE5933129C71FE000779D07 /* unzip.c in Sources */ = {isa = PBXBuildFile; fileRef = 2DE5930B29C71FE000779D07 /* unzip.c */; };
		2DE5933229C71FE000779D07 /* zip.c in Sources */ = {isa = PBXBuildFile; fileRef = 2DE5930C29C71FE000779D07 /* zip.c */; };
		2DE5933329C71FE000779D07 /* ioapi.c in Sources */ = {isa = PBXBuildFile; fileRef = 2DE5930E29C71FE000779D07 /* ioapi.c */; };
		2DE5933429C71FE000779D07 /* ioapi_buf.c in Sources */ = {isa = PBXBuildFile; fileRef = 2DE5931029C71FE000779D07 /* ioapi_buf.c */; };
		2DE5933529C71FE000779D07 /* ioapi_mem.c in Sources */ = {isa = PBXBuildFile; fileRef = 2DE5931429C71FE000779D07 /* ioapi_mem.c */; };
		2DE5933629C71FE000779D07 /* minishared.c in Sources */ = {isa = PBXBuildFile; fileRef = 2DE5931529C71FE000779D07 /* minishared.c */; };
		2DE5933729C71FE000779D07 /* aeskey.c in Sources */ = {isa = PBXBuildFile; fileRef = 2DE5931B29C71FE000779D07 /* aeskey.c */; };
		2DE5933829C71FE000779D07 /* hmac.c in Sources */ = {isa = PBXBuildFile; fileRef = 2DE5931C29C71FE000779D07 /* hmac.c */; };
		2DE5933929C71FE000779D07 /* aescrypt.c in Sources */ = {isa = PBXBuildFile; fileRef = 2DE5931F29C71FE000779D07 /* aescrypt.c */; };
		2DE5933A29C71FE000779D07 /* fileenc.c in Sources */ = {isa = PBXBuildFile; fileRef = 2DE5932029C71FE000779D07 /* fileenc.c */; };
		2DE5933B29C71FE000779D07 /* sha1.c in Sources */ = {isa = PBXBuildFile; fileRef = 2DE5932229C71FE000779D07 /* sha1.c */; };
		2DE5933C29C71FE000779D07 /* aes_ni.c in Sources */ = {isa = PBXBuildFile; fileRef = 2DE5932529C71FE000779D07 /* aes_ni.c */; };
		2DE5933D29C71FE000779D07 /* prng.c in Sources */ = {isa = PBXBuildFile; fileRef = 2DE5932729C71FE000779D07 /* prng.c */; };
		2DE5933E29C71FE000779D07 /* pwd2key.c in Sources */ = {isa = PBXBuildFile; fileRef = 2DE5932929C71FE000779D07 /* pwd2key.c */; };
		2DE5933F29C71FE000779D07 /* aestab.c in Sources */ = {isa = PBXBuildFile; fileRef = 2DE5932A29C71FE000779D07 /* aestab.c */; };
		2DE5934029C71FE000779D07 /* SSZipArchive.m in Sources */ = {isa = PBXBuildFile; fileRef = 2DE5932F29C71FE000779D07 /* SSZipArchive.m */; };
		2DE5934229C738B300779D07 /* ioapi_mem.c in Sources */ = {isa = PBXBuildFile; fileRef = 2DE5931429C71FE000779D07 /* ioapi_mem.c */; };
		2DE5934329C738B300779D07 /* crypt.c in Sources */ = {isa = PBXBuildFile; fileRef = 2DE5930A29C71FE000779D07 /* crypt.c */; };
		2DE5934429C738B300779D07 /* ioapi_buf.c in Sources */ = {isa = PBXBuildFile; fileRef = 2DE5931029C71FE000779D07 /* ioapi_buf.c */; };
		2DE5934529C738B300779D07 /* zip.c in Sources */ = {isa = PBXBuildFile; fileRef = 2DE5930C29C71FE000779D07 /* zip.c */; };
		2DE5934629C738B300779D07 /* unzip.c in Sources */ = {isa = PBXBuildFile; fileRef = 2DE5930B29C71FE000779D07 /* unzip.c */; };
		2DE5934729C738B300779D07 /* ioapi.c in Sources */ = {isa = PBXBuildFile; fileRef = 2DE5930E29C71FE000779D07 /* ioapi.c */; };
		2DE5934829C738B300779D07 /* minishared.c in Sources */ = {isa = PBXBuildFile; fileRef = 2DE5931529C71FE000779D07 /* minishared.c */; };
		2DE5934929C738D700779D07 /* pwd2key.c in Sources */ = {isa = PBXBuildFile; fileRef = 2DE5932929C71FE000779D07 /* pwd2key.c */; };
		2DE5934A29C738D700779D07 /* aes_ni.c in Sources */ = {isa = PBXBuildFile; fileRef = 2DE5932529C71FE000779D07 /* aes_ni.c */; };
		2DE5934B29C738D700779D07 /* aeskey.c in Sources */ = {isa = PBXBuildFile; fileRef = 2DE5931B29C71FE000779D07 /* aeskey.c */; };
		2DE5934C29C738D700779D07 /* sha1.c in Sources */ = {isa = PBXBuildFile; fileRef = 2DE5932229C71FE000779D07 /* sha1.c */; };
		2DE5934D29C738D700779D07 /* prng.c in Sources */ = {isa = PBXBuildFile; fileRef = 2DE5932729C71FE000779D07 /* prng.c */; };
		2DE5934E29C738D700779D07 /* fileenc.c in Sources */ = {isa = PBXBuildFile; fileRef = 2DE5932029C71FE000779D07 /* fileenc.c */; };
		2DE5934F29C738D700779D07 /* aescrypt.c in Sources */ = {isa = PBXBuildFile; fileRef = 2DE5931F29C71FE000779D07 /* aescrypt.c */; };
		2DE5935029C738D700779D07 /* aestab.c in Sources */ = {isa = PBXBuildFile; fileRef = 2DE5932A29C71FE000779D07 /* aestab.c */; };
		2DE5935129C738D700779D07 /* hmac.c in Sources */ = {isa = PBXBuildFile; fileRef = 2DE5931C29C71FE000779D07 /* hmac.c */; };
		2DE5935229C738E700779D07 /* SSZipArchive.m in Sources */ = {isa = PBXBuildFile; fileRef = 2DE5932F29C71FE000779D07 /* SSZipArchive.m */; };
		2DE5935529C7479E00779D07 /* Utils.m in Sources */ = {isa = PBXBuildFile; fileRef = 2DE5935429C7479E00779D07 /* Utils.m */; };
		2DE5935A29C74A5000779D07 /* Command.c in Sources */ = {isa = PBXBuildFile; fileRef = 2DE5935929C74A5000779D07 /* Command.c */; };
		2DE5935C29C751DD00779D07 /* UiControll.swift in Sources */ = {isa = PBXBuildFile; fileRef = 2DE5935B29C751DD00779D07 /* UiControll.swift */; };
		2DE5935D29C751DD00779D07 /* UiControll.swift in Sources */ = {isa = PBXBuildFile; fileRef = 2DE5935B29C751DD00779D07 /* UiControll.swift */; };
		2DE5938729C75A0000779D07 /* UIActivityIndicatorView.m in Sources */ = {isa = PBXBuildFile; fileRef = 2DE5936129C75A0000779D07 /* UIActivityIndicatorView.m */; };
		2DE5938929C75A0000779D07 /* UIScreen.m in Sources */ = {isa = PBXBuildFile; fileRef = 2DE5936329C75A0000779D07 /* UIScreen.m */; };
		2DE5938B29C75A0000779D07 /* UIRefreshControl.m in Sources */ = {isa = PBXBuildFile; fileRef = 2DE5936629C75A0000779D07 /* UIRefreshControl.m */; };
		2DE5938D29C75A0000779D07 /* UILabel.m in Sources */ = {isa = PBXBuildFile; fileRef = 2DE5936A29C75A0000779D07 /* UILabel.m */; };
		2DE5938F29C75A0000779D07 /* UIApplication.m in Sources */ = {isa = PBXBuildFile; fileRef = 2DE5936C29C75A0000779D07 /* UIApplication.m */; };
		2DE5939129C75A0000779D07 /* UIButton.m in Sources */ = {isa = PBXBuildFile; fileRef = 2DE5936F29C75A0000779D07 /* UIButton.m */; };
		2DE5939329C75A0000779D07 /* UIAlertView.m in Sources */ = {isa = PBXBuildFile; fileRef = 2DE5937229C75A0000779D07 /* UIAlertView.m */; };
		2DE5939529C75A0000779D07 /* UIView.m in Sources */ = {isa = PBXBuildFile; fileRef = 2DE5937529C75A0000779D07 /* UIView.m */; };
		2DE5939729C75A0000779D07 /* UIDevice.m in Sources */ = {isa = PBXBuildFile; fileRef = 2DE5937929C75A0000779D07 /* UIDevice.m */; };
		2DE5939929C75A0000779D07 /* UIImageView.m in Sources */ = {isa = PBXBuildFile; fileRef = 2DE5937B29C75A0000779D07 /* UIImageView.m */; };
		2DE5939B29C75A0000779D07 /* UIViewController.m in Sources */ = {isa = PBXBuildFile; fileRef = 2DE5937F29C75A0000779D07 /* UIViewController.m */; };
		2DE5939D29C75A0000779D07 /* UIProgressView.m in Sources */ = {isa = PBXBuildFile; fileRef = 2DE5938229C75A0000779D07 /* UIProgressView.m */; };
		2DF2DBC229BDBA4F0038CED8 /* Logger.swift in Sources */ = {isa = PBXBuildFile; fileRef = 2DF2DBC129BDBA4F0038CED8 /* Logger.swift */; };
		2DF2DBC329BDBA540038CED8 /* Logger.swift in Sources */ = {isa = PBXBuildFile; fileRef = 2DF2DBC129BDBA4F0038CED8 /* Logger.swift */; };
		2DF2DBC529BDBB700038CED8 /* SessionDelegator.swift in Sources */ = {isa = PBXBuildFile; fileRef = 2DF2DBC429BDBB700038CED8 /* SessionDelegator.swift */; };
		2DF2DBC629BDBB700038CED8 /* SessionDelegator.swift in Sources */ = {isa = PBXBuildFile; fileRef = 2DF2DBC429BDBB700038CED8 /* SessionDelegator.swift */; };
		2DF2DBD329BDEC1B0038CED8 /* ObjectInterface.m in Sources */ = {isa = PBXBuildFile; fileRef = 2DF2DBD129BDEC1B0038CED8 /* ObjectInterface.m */; };
/* End PBXBuildFile section */

/* Begin PBXContainerItemProxy section */
		2D02AB9729BF3C0500D8DFFD /* PBXContainerItemProxy */ = {
			isa = PBXContainerItemProxy;
			containerPortal = 2D4C767A29B9FA93007560B7 /* Project object */;
			proxyType = 1;
			remoteGlobalIDString = 2D78698A29BA00D700951F2F;
			remoteInfo = "watchos Watch App";
		};
/* End PBXContainerItemProxy section */

/* Begin PBXCopyFilesBuildPhase section */
		2D02AB9929BF3C0500D8DFFD /* Embed Watch Content */ = {
			isa = PBXCopyFilesBuildPhase;
			buildActionMask = 2147483647;
			dstPath = "$(CONTENTS_FOLDER_PATH)/Watch";
			dstSubfolderSpec = 16;
			files = (
				2D02AB9629BF3C0500D8DFFD /* watchos Watch App.app in Embed Watch Content */,
			);
			name = "Embed Watch Content";
			runOnlyForDeploymentPostprocessing = 0;
		};
/* End PBXCopyFilesBuildPhase section */

/* Begin PBXFileReference section */
		2D02AB8E29BF327C00D8DFFD /* CommandStatus.swift */ = {isa = PBXFileReference; fileEncoding = 4; lastKnownFileType = sourcecode.swift; path = CommandStatus.swift; sourceTree = "<group>"; };
		2D47550529C1F4D700CD641E /* MessageManager.swift */ = {isa = PBXFileReference; fileEncoding = 4; lastKnownFileType = sourcecode.swift; path = MessageManager.swift; sourceTree = "<group>"; };
		2D4C768229B9FA93007560B7 /* watchTest.app */ = {isa = PBXFileReference; explicitFileType = wrapper.application; includeInIndex = 0; path = watchTest.app; sourceTree = BUILT_PRODUCTS_DIR; };
		2D4C768529B9FA93007560B7 /* AppDelegate.h */ = {isa = PBXFileReference; lastKnownFileType = sourcecode.c.h; path = AppDelegate.h; sourceTree = "<group>"; };
		2D4C768629B9FA93007560B7 /* AppDelegate.m */ = {isa = PBXFileReference; lastKnownFileType = sourcecode.c.objc; path = AppDelegate.m; sourceTree = "<group>"; };
		2D4C768829B9FA93007560B7 /* SceneDelegate.h */ = {isa = PBXFileReference; lastKnownFileType = sourcecode.c.h; path = SceneDelegate.h; sourceTree = "<group>"; };
		2D4C768929B9FA93007560B7 /* SceneDelegate.m */ = {isa = PBXFileReference; lastKnownFileType = sourcecode.c.objc; path = SceneDelegate.m; sourceTree = "<group>"; };
		2D4C768B29B9FA93007560B7 /* ViewController.h */ = {isa = PBXFileReference; lastKnownFileType = sourcecode.c.h; path = ViewController.h; sourceTree = "<group>"; };
		2D4C768C29B9FA93007560B7 /* ViewController.m */ = {isa = PBXFileReference; lastKnownFileType = sourcecode.c.objc; path = ViewController.m; sourceTree = "<group>"; };
		2D4C768F29B9FA93007560B7 /* Base */ = {isa = PBXFileReference; lastKnownFileType = file.storyboard; name = Base; path = Base.lproj/Main.storyboard; sourceTree = "<group>"; };
		2D4C769129B9FA97007560B7 /* Assets.xcassets */ = {isa = PBXFileReference; lastKnownFileType = folder.assetcatalog; path = Assets.xcassets; sourceTree = "<group>"; };
		2D4C769429B9FA97007560B7 /* Base */ = {isa = PBXFileReference; lastKnownFileType = file.storyboard; name = Base; path = Base.lproj/LaunchScreen.storyboard; sourceTree = "<group>"; };
		2D4C769629B9FA97007560B7 /* Info.plist */ = {isa = PBXFileReference; lastKnownFileType = text.plist.xml; path = Info.plist; sourceTree = "<group>"; };
		2D4C769729B9FA97007560B7 /* main.m */ = {isa = PBXFileReference; lastKnownFileType = sourcecode.c.objc; path = main.m; sourceTree = "<group>"; };
		2D78698B29BA00D700951F2F /* watchos Watch App.app */ = {isa = PBXFileReference; explicitFileType = wrapper.application; includeInIndex = 0; path = "watchos Watch App.app"; sourceTree = BUILT_PRODUCTS_DIR; };
		2D78698D29BA00D700951F2F /* watchosApp.swift */ = {isa = PBXFileReference; lastKnownFileType = sourcecode.swift; path = watchosApp.swift; sourceTree = "<group>"; };
		2D78698F29BA00D700951F2F /* ContentView.swift */ = {isa = PBXFileReference; lastKnownFileType = sourcecode.swift; path = ContentView.swift; sourceTree = "<group>"; };
		2D78699129BA00D800951F2F /* Assets.xcassets */ = {isa = PBXFileReference; lastKnownFileType = folder.assetcatalog; path = Assets.xcassets; sourceTree = "<group>"; };
		2D78699429BA00D800951F2F /* Preview Assets.xcassets */ = {isa = PBXFileReference; lastKnownFileType = folder.assetcatalog; path = "Preview Assets.xcassets"; sourceTree = "<group>"; };
		2D78699A29BA026300951F2F /* WatchConnectivity.framework */ = {isa = PBXFileReference; lastKnownFileType = wrapper.framework; name = WatchConnectivity.framework; path = Platforms/WatchOS.platform/Developer/SDKs/WatchOS9.1.sdk/System/Library/Frameworks/WatchConnectivity.framework; sourceTree = DEVELOPER_DIR; };
		2D78699C29BA027300951F2F /* WatchConnectivity.framework */ = {isa = PBXFileReference; lastKnownFileType = wrapper.framework; name = WatchConnectivity.framework; path = System/Library/Frameworks/WatchConnectivity.framework; sourceTree = SDKROOT; };
		2DE5930829C71FE000779D07 /* ZipArchive.h */ = {isa = PBXFileReference; fileEncoding = 4; lastKnownFileType = sourcecode.c.h; path = ZipArchive.h; sourceTree = "<group>"; };
		2DE5930A29C71FE000779D07 /* crypt.c */ = {isa = PBXFileReference; fileEncoding = 4; lastKnownFileType = sourcecode.c.c; path = crypt.c; sourceTree = "<group>"; };
		2DE5930B29C71FE000779D07 /* unzip.c */ = {isa = PBXFileReference; fileEncoding = 4; lastKnownFileType = sourcecode.c.c; path = unzip.c; sourceTree = "<group>"; };
		2DE5930C29C71FE000779D07 /* zip.c */ = {isa = PBXFileReference; fileEncoding = 4; lastKnownFileType = sourcecode.c.c; path = zip.c; sourceTree = "<group>"; };
		2DE5930D29C71FE000779D07 /* minishared.h */ = {isa = PBXFileReference; fileEncoding = 4; lastKnownFileType = sourcecode.c.h; path = minishared.h; sourceTree = "<group>"; };
		2DE5930E29C71FE000779D07 /* ioapi.c */ = {isa = PBXFileReference; fileEncoding = 4; lastKnownFileType = sourcecode.c.c; path = ioapi.c; sourceTree = "<group>"; };
		2DE5930F29C71FE000779D07 /* ioapi_mem.h */ = {isa = PBXFileReference; fileEncoding = 4; lastKnownFileType = sourcecode.c.h; path = ioapi_mem.h; sourceTree = "<group>"; };
		2DE5931029C71FE000779D07 /* ioapi_buf.c */ = {isa = PBXFileReference; fileEncoding = 4; lastKnownFileType = sourcecode.c.c; path = ioapi_buf.c; sourceTree = "<group>"; };
		2DE5931129C71FE000779D07 /* crypt.h */ = {isa = PBXFileReference; fileEncoding = 4; lastKnownFileType = sourcecode.c.h; path = crypt.h; sourceTree = "<group>"; };
		2DE5931229C71FE000779D07 /* zip.h */ = {isa = PBXFileReference; fileEncoding = 4; lastKnownFileType = sourcecode.c.h; path = zip.h; sourceTree = "<group>"; };
		2DE5931329C71FE000779D07 /* unzip.h */ = {isa = PBXFileReference; fileEncoding = 4; lastKnownFileType = sourcecode.c.h; path = unzip.h; sourceTree = "<group>"; };
		2DE5931429C71FE000779D07 /* ioapi_mem.c */ = {isa = PBXFileReference; fileEncoding = 4; lastKnownFileType = sourcecode.c.c; path = ioapi_mem.c; sourceTree = "<group>"; };
		2DE5931529C71FE000779D07 /* minishared.c */ = {isa = PBXFileReference; fileEncoding = 4; lastKnownFileType = sourcecode.c.c; path = minishared.c; sourceTree = "<group>"; };
		2DE5931629C71FE000779D07 /* ioapi.h */ = {isa = PBXFileReference; fileEncoding = 4; lastKnownFileType = sourcecode.c.h; path = ioapi.h; sourceTree = "<group>"; };
		2DE5931729C71FE000779D07 /* ioapi_buf.h */ = {isa = PBXFileReference; fileEncoding = 4; lastKnownFileType = sourcecode.c.h; path = ioapi_buf.h; sourceTree = "<group>"; };
		2DE5931929C71FE000779D07 /* prng.h */ = {isa = PBXFileReference; fileEncoding = 4; lastKnownFileType = sourcecode.c.h; path = prng.h; sourceTree = "<group>"; };
		2DE5931A29C71FE000779D07 /* aes_ni.h */ = {isa = PBXFileReference; fileEncoding = 4; lastKnownFileType = sourcecode.c.h; path = aes_ni.h; sourceTree = "<group>"; };
		2DE5931B29C71FE000779D07 /* aeskey.c */ = {isa = PBXFileReference; fileEncoding = 4; lastKnownFileType = sourcecode.c.c; path = aeskey.c; sourceTree = "<group>"; };
		2DE5931C29C71FE000779D07 /* hmac.c */ = {isa = PBXFileReference; fileEncoding = 4; lastKnownFileType = sourcecode.c.c; path = hmac.c; sourceTree = "<group>"; };
		2DE5931D29C71FE000779D07 /* aestab.h */ = {isa = PBXFileReference; fileEncoding = 4; lastKnownFileType = sourcecode.c.h; path = aestab.h; sourceTree = "<group>"; };
		2DE5931E29C71FE000779D07 /* pwd2key.h */ = {isa = PBXFileReference; fileEncoding = 4; lastKnownFileType = sourcecode.c.h; path = pwd2key.h; sourceTree = "<group>"; };
		2DE5931F29C71FE000779D07 /* aescrypt.c */ = {isa = PBXFileReference; fileEncoding = 4; lastKnownFileType = sourcecode.c.c; path = aescrypt.c; sourceTree = "<group>"; };
		2DE5932029C71FE000779D07 /* fileenc.c */ = {isa = PBXFileReference; fileEncoding = 4; lastKnownFileType = sourcecode.c.c; path = fileenc.c; sourceTree = "<group>"; };
		2DE5932129C71FE000779D07 /* aesopt.h */ = {isa = PBXFileReference; fileEncoding = 4; lastKnownFileType = sourcecode.c.h; path = aesopt.h; sourceTree = "<group>"; };
		2DE5932229C71FE000779D07 /* sha1.c */ = {isa = PBXFileReference; fileEncoding = 4; lastKnownFileType = sourcecode.c.c; path = sha1.c; sourceTree = "<group>"; };
		2DE5932329C71FE000779D07 /* brg_types.h */ = {isa = PBXFileReference; fileEncoding = 4; lastKnownFileType = sourcecode.c.h; path = brg_types.h; sourceTree = "<group>"; };
		2DE5932429C71FE000779D07 /* hmac.h */ = {isa = PBXFileReference; fileEncoding = 4; lastKnownFileType = sourcecode.c.h; path = hmac.h; sourceTree = "<group>"; };
		2DE5932529C71FE000779D07 /* aes_ni.c */ = {isa = PBXFileReference; fileEncoding = 4; lastKnownFileType = sourcecode.c.c; path = aes_ni.c; sourceTree = "<group>"; };
		2DE5932629C71FE000779D07 /* brg_endian.h */ = {isa = PBXFileReference; fileEncoding = 4; lastKnownFileType = sourcecode.c.h; path = brg_endian.h; sourceTree = "<group>"; };
		2DE5932729C71FE000779D07 /* prng.c */ = {isa = PBXFileReference; fileEncoding = 4; lastKnownFileType = sourcecode.c.c; path = prng.c; sourceTree = "<group>"; };
		2DE5932829C71FE000779D07 /* aes.h */ = {isa = PBXFileReference; fileEncoding = 4; lastKnownFileType = sourcecode.c.h; path = aes.h; sourceTree = "<group>"; };
		2DE5932929C71FE000779D07 /* pwd2key.c */ = {isa = PBXFileReference; fileEncoding = 4; lastKnownFileType = sourcecode.c.c; path = pwd2key.c; sourceTree = "<group>"; };
		2DE5932A29C71FE000779D07 /* aestab.c */ = {isa = PBXFileReference; fileEncoding = 4; lastKnownFileType = sourcecode.c.c; path = aestab.c; sourceTree = "<group>"; };
		2DE5932B29C71FE000779D07 /* sha1.h */ = {isa = PBXFileReference; fileEncoding = 4; lastKnownFileType = sourcecode.c.h; path = sha1.h; sourceTree = "<group>"; };
		2DE5932C29C71FE000779D07 /* fileenc.h */ = {isa = PBXFileReference; fileEncoding = 4; lastKnownFileType = sourcecode.c.h; path = fileenc.h; sourceTree = "<group>"; };
		2DE5932D29C71FE000779D07 /* SSZipArchive.h */ = {isa = PBXFileReference; fileEncoding = 4; lastKnownFileType = sourcecode.c.h; path = SSZipArchive.h; sourceTree = "<group>"; };
		2DE5932E29C71FE000779D07 /* SSZipCommon.h */ = {isa = PBXFileReference; fileEncoding = 4; lastKnownFileType = sourcecode.c.h; path = SSZipCommon.h; sourceTree = "<group>"; };
		2DE5932F29C71FE000779D07 /* SSZipArchive.m */ = {isa = PBXFileReference; fileEncoding = 4; lastKnownFileType = sourcecode.c.objc; path = SSZipArchive.m; sourceTree = "<group>"; };
		2DE5935329C7479E00779D07 /* Utils.h */ = {isa = PBXFileReference; lastKnownFileType = sourcecode.c.h; path = Utils.h; sourceTree = "<group>"; };
		2DE5935429C7479E00779D07 /* Utils.m */ = {isa = PBXFileReference; lastKnownFileType = sourcecode.c.objc; path = Utils.m; sourceTree = "<group>"; };
		2DE5935829C74A5000779D07 /* Command.h */ = {isa = PBXFileReference; lastKnownFileType = sourcecode.c.h; path = Command.h; sourceTree = "<group>"; };
		2DE5935929C74A5000779D07 /* Command.c */ = {isa = PBXFileReference; lastKnownFileType = sourcecode.c.c; path = Command.c; sourceTree = "<group>"; };
		2DE5935B29C751DD00779D07 /* UiControll.swift */ = {isa = PBXFileReference; lastKnownFileType = sourcecode.swift; path = UiControll.swift; sourceTree = "<group>"; };
		2DE5936029C75A0000779D07 /* UIActivityIndicatorView.h */ = {isa = PBXFileReference; fileEncoding = 4; lastKnownFileType = sourcecode.c.h; path = UIActivityIndicatorView.h; sourceTree = "<group>"; };
		2DE5936129C75A0000779D07 /* UIActivityIndicatorView.m */ = {isa = PBXFileReference; fileEncoding = 4; lastKnownFileType = sourcecode.c.objc; path = UIActivityIndicatorView.m; sourceTree = "<group>"; };
		2DE5936329C75A0000779D07 /* UIScreen.m */ = {isa = PBXFileReference; fileEncoding = 4; lastKnownFileType = sourcecode.c.objc; path = UIScreen.m; sourceTree = "<group>"; };
		2DE5936429C75A0000779D07 /* UIScreen.h */ = {isa = PBXFileReference; fileEncoding = 4; lastKnownFileType = sourcecode.c.h; path = UIScreen.h; sourceTree = "<group>"; };
		2DE5936629C75A0000779D07 /* UIRefreshControl.m */ = {isa = PBXFileReference; fileEncoding = 4; lastKnownFileType = sourcecode.c.objc; path = UIRefreshControl.m; sourceTree = "<group>"; };
		2DE5936729C75A0000779D07 /* UIRefreshControl.h */ = {isa = PBXFileReference; fileEncoding = 4; lastKnownFileType = sourcecode.c.h; path = UIRefreshControl.h; sourceTree = "<group>"; };
		2DE5936929C75A0000779D07 /* UILabel.h */ = {isa = PBXFileReference; fileEncoding = 4; lastKnownFileType = sourcecode.c.h; path = UILabel.h; sourceTree = "<group>"; };
		2DE5936A29C75A0000779D07 /* UILabel.m */ = {isa = PBXFileReference; fileEncoding = 4; lastKnownFileType = sourcecode.c.objc; path = UILabel.m; sourceTree = "<group>"; };
		2DE5936C29C75A0000779D07 /* UIApplication.m */ = {isa = PBXFileReference; fileEncoding = 4; lastKnownFileType = sourcecode.c.objc; path = UIApplication.m; sourceTree = "<group>"; };
		2DE5936D29C75A0000779D07 /* UIApplication.h */ = {isa = PBXFileReference; fileEncoding = 4; lastKnownFileType = sourcecode.c.h; path = UIApplication.h; sourceTree = "<group>"; };
		2DE5936F29C75A0000779D07 /* UIButton.m */ = {isa = PBXFileReference; fileEncoding = 4; lastKnownFileType = sourcecode.c.objc; path = UIButton.m; sourceTree = "<group>"; };
		2DE5937029C75A0000779D07 /* UIButton.h */ = {isa = PBXFileReference; fileEncoding = 4; lastKnownFileType = sourcecode.c.h; path = UIButton.h; sourceTree = "<group>"; };
		2DE5937229C75A0000779D07 /* UIAlertView.m */ = {isa = PBXFileReference; fileEncoding = 4; lastKnownFileType = sourcecode.c.objc; path = UIAlertView.m; sourceTree = "<group>"; };
		2DE5937329C75A0000779D07 /* UIAlertView.h */ = {isa = PBXFileReference; fileEncoding = 4; lastKnownFileType = sourcecode.c.h; path = UIAlertView.h; sourceTree = "<group>"; };
		2DE5937529C75A0000779D07 /* UIView.m */ = {isa = PBXFileReference; fileEncoding = 4; lastKnownFileType = sourcecode.c.objc; path = UIView.m; sourceTree = "<group>"; };
		2DE5937629C75A0000779D07 /* UIView.h */ = {isa = PBXFileReference; fileEncoding = 4; lastKnownFileType = sourcecode.c.h; path = UIView.h; sourceTree = "<group>"; };
		2DE5937829C75A0000779D07 /* UIDevice.h */ = {isa = PBXFileReference; fileEncoding = 4; lastKnownFileType = sourcecode.c.h; path = UIDevice.h; sourceTree = "<group>"; };
		2DE5937929C75A0000779D07 /* UIDevice.m */ = {isa = PBXFileReference; fileEncoding = 4; lastKnownFileType = sourcecode.c.objc; path = UIDevice.m; sourceTree = "<group>"; };
		2DE5937B29C75A0000779D07 /* UIImageView.m */ = {isa = PBXFileReference; fileEncoding = 4; lastKnownFileType = sourcecode.c.objc; path = UIImageView.m; sourceTree = "<group>"; };
		2DE5937C29C75A0000779D07 /* UIImageView.h */ = {isa = PBXFileReference; fileEncoding = 4; lastKnownFileType = sourcecode.c.h; path = UIImageView.h; sourceTree = "<group>"; };
		2DE5937E29C75A0000779D07 /* UIViewController.h */ = {isa = PBXFileReference; fileEncoding = 4; lastKnownFileType = sourcecode.c.h; path = UIViewController.h; sourceTree = "<group>"; };
		2DE5937F29C75A0000779D07 /* UIViewController.m */ = {isa = PBXFileReference; fileEncoding = 4; lastKnownFileType = sourcecode.c.objc; path = UIViewController.m; sourceTree = "<group>"; };
		2DE5938129C75A0000779D07 /* UIProgressView.h */ = {isa = PBXFileReference; fileEncoding = 4; lastKnownFileType = sourcecode.c.h; path = UIProgressView.h; sourceTree = "<group>"; };
		2DE5938229C75A0000779D07 /* UIProgressView.m */ = {isa = PBXFileReference; fileEncoding = 4; lastKnownFileType = sourcecode.c.objc; path = UIProgressView.m; sourceTree = "<group>"; };
		2DE5938329C75A0000779D07 /* SouceHeader.h */ = {isa = PBXFileReference; fileEncoding = 4; lastKnownFileType = sourcecode.c.h; path = SouceHeader.h; sourceTree = "<group>"; };
		2DF2DBBE29BDB53B0038CED8 /* watchos Watch App.entitlements */ = {isa = PBXFileReference; lastKnownFileType = text.plist.entitlements; path = "watchos Watch App.entitlements"; sourceTree = "<group>"; };
		2DF2DBBF29BDB5710038CED8 /* watchTest.entitlements */ = {isa = PBXFileReference; lastKnownFileType = text.plist.entitlements; path = watchTest.entitlements; sourceTree = "<group>"; };
		2DF2DBC129BDBA4F0038CED8 /* Logger.swift */ = {isa = PBXFileReference; fileEncoding = 4; lastKnownFileType = sourcecode.swift; path = Logger.swift; sourceTree = "<group>"; };
		2DF2DBC429BDBB700038CED8 /* SessionDelegator.swift */ = {isa = PBXFileReference; lastKnownFileType = sourcecode.swift; path = SessionDelegator.swift; sourceTree = "<group>"; };
		2DF2DBCD29BDD4210038CED8 /* watchTest-Bridging-Header.h */ = {isa = PBXFileReference; lastKnownFileType = sourcecode.c.h; path = "watchTest-Bridging-Header.h"; sourceTree = SOURCE_ROOT; };
		2DF2DBCF29BDEBB50038CED8 /* watchos Watch App-Bridging-Header.h */ = {isa = PBXFileReference; lastKnownFileType = sourcecode.c.h; path = "watchos Watch App-Bridging-Header.h"; sourceTree = "<group>"; };
		2DF2DBD029BDEBB60038CED8 /* ObjectInterface.h */ = {isa = PBXFileReference; lastKnownFileType = sourcecode.c.h; path = ObjectInterface.h; sourceTree = "<group>"; };
		2DF2DBD129BDEC1B0038CED8 /* ObjectInterface.m */ = {isa = PBXFileReference; fileEncoding = 4; lastKnownFileType = sourcecode.c.objc; path = ObjectInterface.m; sourceTree = "<group>"; };
		2DF2DBD429BDED6E0038CED8 /* watchos-Watch-App-Info.plist */ = {isa = PBXFileReference; lastKnownFileType = text.plist; path = "watchos-Watch-App-Info.plist"; sourceTree = SOURCE_ROOT; };
/* End PBXFileReference section */

/* Begin PBXFrameworksBuildPhase section */
		2D4C767F29B9FA93007560B7 /* Frameworks */ = {
			isa = PBXFrameworksBuildPhase;
			buildActionMask = 2147483647;
			files = (
				2D78699D29BA027300951F2F /* WatchConnectivity.framework in Frameworks */,
			);
			runOnlyForDeploymentPostprocessing = 0;
		};
		2D78698829BA00D700951F2F /* Frameworks */ = {
			isa = PBXFrameworksBuildPhase;
			buildActionMask = 2147483647;
			files = (
				2D78699B29BA026300951F2F /* WatchConnectivity.framework in Frameworks */,
			);
			runOnlyForDeploymentPostprocessing = 0;
		};
/* End PBXFrameworksBuildPhase section */

/* Begin PBXGroup section */
		2D4C767929B9FA93007560B7 = {
			isa = PBXGroup;
			children = (
				2DF2DBC029BDBA4F0038CED8 /* Shared */,
				2D4C768429B9FA93007560B7 /* watchTest */,
				2D78698C29BA00D700951F2F /* watchos Watch App */,
				2D4C768329B9FA93007560B7 /* Products */,
				2D78699929BA026300951F2F /* Frameworks */,
			);
			sourceTree = "<group>";
		};
		2D4C768329B9FA93007560B7 /* Products */ = {
			isa = PBXGroup;
			children = (
				2D4C768229B9FA93007560B7 /* watchTest.app */,
				2D78698B29BA00D700951F2F /* watchos Watch App.app */,
			);
			name = Products;
			sourceTree = "<group>";
		};
		2D4C768429B9FA93007560B7 /* watchTest */ = {
			isa = PBXGroup;
			children = (
				2DF2DBBF29BDB5710038CED8 /* watchTest.entitlements */,
				2DF2DBCD29BDD4210038CED8 /* watchTest-Bridging-Header.h */,
				2D4C768529B9FA93007560B7 /* AppDelegate.h */,
				2D4C768629B9FA93007560B7 /* AppDelegate.m */,
				2D4C768829B9FA93007560B7 /* SceneDelegate.h */,
				2D4C768929B9FA93007560B7 /* SceneDelegate.m */,
				2D4C768B29B9FA93007560B7 /* ViewController.h */,
				2D4C768C29B9FA93007560B7 /* ViewController.m */,
				2D4C768E29B9FA93007560B7 /* Main.storyboard */,
				2D4C769129B9FA97007560B7 /* Assets.xcassets */,
				2D4C769329B9FA97007560B7 /* LaunchScreen.storyboard */,
				2D4C769629B9FA97007560B7 /* Info.plist */,
				2D4C769729B9FA97007560B7 /* main.m */,
			);
			path = watchTest;
			sourceTree = "<group>";
		};
		2D78698C29BA00D700951F2F /* watchos Watch App */ = {
			isa = PBXGroup;
			children = (
				2DF2DBCE29BDEB6D0038CED8 /* ObjectC */,
				2DF2DBD429BDED6E0038CED8 /* watchos-Watch-App-Info.plist */,
				2DF2DBCF29BDEBB50038CED8 /* watchos Watch App-Bridging-Header.h */,
				2DF2DBBE29BDB53B0038CED8 /* watchos Watch App.entitlements */,
				2D78698D29BA00D700951F2F /* watchosApp.swift */,
				2D78698F29BA00D700951F2F /* ContentView.swift */,
				2D78699129BA00D800951F2F /* Assets.xcassets */,
				2D78699329BA00D800951F2F /* Preview Content */,
			);
			path = "watchos Watch App";
			sourceTree = "<group>";
		};
		2D78699329BA00D800951F2F /* Preview Content */ = {
			isa = PBXGroup;
			children = (
				2D78699429BA00D800951F2F /* Preview Assets.xcassets */,
			);
			path = "Preview Content";
			sourceTree = "<group>";
		};
		2D78699929BA026300951F2F /* Frameworks */ = {
			isa = PBXGroup;
			children = (
				2D78699C29BA027300951F2F /* WatchConnectivity.framework */,
				2D78699A29BA026300951F2F /* WatchConnectivity.framework */,
			);
			name = Frameworks;
			sourceTree = "<group>";
		};
		2DE5930729C71FE000779D07 /* ZipArchive */ = {
			isa = PBXGroup;
			children = (
				2DE5930929C71FE000779D07 /* minizip */,
				2DE5932D29C71FE000779D07 /* SSZipArchive.h */,
				2DE5932F29C71FE000779D07 /* SSZipArchive.m */,
				2DE5932E29C71FE000779D07 /* SSZipCommon.h */,
				2DE5930829C71FE000779D07 /* ZipArchive.h */,
			);
			path = ZipArchive;
			sourceTree = "<group>";
		};
		2DE5930929C71FE000779D07 /* minizip */ = {
			isa = PBXGroup;
			children = (
				2DE5931829C71FE000779D07 /* aes */,
				2DE5930A29C71FE000779D07 /* crypt.c */,
				2DE5931129C71FE000779D07 /* crypt.h */,
				2DE5931029C71FE000779D07 /* ioapi_buf.c */,
				2DE5931729C71FE000779D07 /* ioapi_buf.h */,
				2DE5931429C71FE000779D07 /* ioapi_mem.c */,
				2DE5930F29C71FE000779D07 /* ioapi_mem.h */,
				2DE5930E29C71FE000779D07 /* ioapi.c */,
				2DE5931629C71FE000779D07 /* ioapi.h */,
				2DE5931529C71FE000779D07 /* minishared.c */,
				2DE5930D29C71FE000779D07 /* minishared.h */,
				2DE5930B29C71FE000779D07 /* unzip.c */,
				2DE5931329C71FE000779D07 /* unzip.h */,
				2DE5930C29C71FE000779D07 /* zip.c */,
				2DE5931229C71FE000779D07 /* zip.h */,
			);
			path = minizip;
			sourceTree = "<group>";
		};
		2DE5931829C71FE000779D07 /* aes */ = {
			isa = PBXGroup;
			children = (
				2DE5931929C71FE000779D07 /* prng.h */,
				2DE5931A29C71FE000779D07 /* aes_ni.h */,
				2DE5931B29C71FE000779D07 /* aeskey.c */,
				2DE5931C29C71FE000779D07 /* hmac.c */,
				2DE5931D29C71FE000779D07 /* aestab.h */,
				2DE5931E29C71FE000779D07 /* pwd2key.h */,
				2DE5931F29C71FE000779D07 /* aescrypt.c */,
				2DE5932029C71FE000779D07 /* fileenc.c */,
				2DE5932129C71FE000779D07 /* aesopt.h */,
				2DE5932229C71FE000779D07 /* sha1.c */,
				2DE5932329C71FE000779D07 /* brg_types.h */,
				2DE5932429C71FE000779D07 /* hmac.h */,
				2DE5932529C71FE000779D07 /* aes_ni.c */,
				2DE5932629C71FE000779D07 /* brg_endian.h */,
				2DE5932729C71FE000779D07 /* prng.c */,
				2DE5932829C71FE000779D07 /* aes.h */,
				2DE5932929C71FE000779D07 /* pwd2key.c */,
				2DE5932A29C71FE000779D07 /* aestab.c */,
				2DE5932B29C71FE000779D07 /* sha1.h */,
				2DE5932C29C71FE000779D07 /* fileenc.h */,
			);
			path = aes;
			sourceTree = "<group>";
		};
		2DE5934129C7387F00779D07 /* ObjectC */ = {
			isa = PBXGroup;
			children = (
				2DE5930729C71FE000779D07 /* ZipArchive */,
			);
			path = ObjectC;
			sourceTree = "<group>";
		};
		2DE5935E29C75A0000779D07 /* expansion */ = {
			isa = PBXGroup;
			children = (
				2DE5938329C75A0000779D07 /* SouceHeader.h */,
				2DE5935F29C75A0000779D07 /* UIActivityIndicatorView */,
				2DE5937129C75A0000779D07 /* UIAlertView */,
				2DE5936B29C75A0000779D07 /* UIApplication */,
				2DE5936E29C75A0000779D07 /* UIButton */,
				2DE5937729C75A0000779D07 /* UIDevice */,
				2DE5937A29C75A0000779D07 /* UIImageView */,
				2DE5936829C75A0000779D07 /* UILabel */,
				2DE5938029C75A0000779D07 /* UIProgressView */,
				2DE5936529C75A0000779D07 /* UIRefreshControl */,
				2DE5936229C75A0000779D07 /* UIScreen */,
				2DE5937429C75A0000779D07 /* UIView */,
				2DE5937D29C75A0000779D07 /* UIViewController */,
			);
			path = expansion;
			sourceTree = "<group>";
		};
		2DE5935F29C75A0000779D07 /* UIActivityIndicatorView */ = {
			isa = PBXGroup;
			children = (
				2DE5936029C75A0000779D07 /* UIActivityIndicatorView.h */,
				2DE5936129C75A0000779D07 /* UIActivityIndicatorView.m */,
			);
			path = UIActivityIndicatorView;
			sourceTree = "<group>";
		};
		2DE5936229C75A0000779D07 /* UIScreen */ = {
			isa = PBXGroup;
			children = (
				2DE5936329C75A0000779D07 /* UIScreen.m */,
				2DE5936429C75A0000779D07 /* UIScreen.h */,
			);
			path = UIScreen;
			sourceTree = "<group>";
		};
		2DE5936529C75A0000779D07 /* UIRefreshControl */ = {
			isa = PBXGroup;
			children = (
				2DE5936629C75A0000779D07 /* UIRefreshControl.m */,
				2DE5936729C75A0000779D07 /* UIRefreshControl.h */,
			);
			path = UIRefreshControl;
			sourceTree = "<group>";
		};
		2DE5936829C75A0000779D07 /* UILabel */ = {
			isa = PBXGroup;
			children = (
				2DE5936929C75A0000779D07 /* UILabel.h */,
				2DE5936A29C75A0000779D07 /* UILabel.m */,
			);
			path = UILabel;
			sourceTree = "<group>";
		};
		2DE5936B29C75A0000779D07 /* UIApplication */ = {
			isa = PBXGroup;
			children = (
				2DE5936C29C75A0000779D07 /* UIApplication.m */,
				2DE5936D29C75A0000779D07 /* UIApplication.h */,
			);
			path = UIApplication;
			sourceTree = "<group>";
		};
		2DE5936E29C75A0000779D07 /* UIButton */ = {
			isa = PBXGroup;
			children = (
				2DE5936F29C75A0000779D07 /* UIButton.m */,
				2DE5937029C75A0000779D07 /* UIButton.h */,
			);
			path = UIButton;
			sourceTree = "<group>";
		};
		2DE5937129C75A0000779D07 /* UIAlertView */ = {
			isa = PBXGroup;
			children = (
				2DE5937229C75A0000779D07 /* UIAlertView.m */,
				2DE5937329C75A0000779D07 /* UIAlertView.h */,
			);
			path = UIAlertView;
			sourceTree = "<group>";
		};
		2DE5937429C75A0000779D07 /* UIView */ = {
			isa = PBXGroup;
			children = (
				2DE5937529C75A0000779D07 /* UIView.m */,
				2DE5937629C75A0000779D07 /* UIView.h */,
			);
			path = UIView;
			sourceTree = "<group>";
		};
		2DE5937729C75A0000779D07 /* UIDevice */ = {
			isa = PBXGroup;
			children = (
				2DE5937829C75A0000779D07 /* UIDevice.h */,
				2DE5937929C75A0000779D07 /* UIDevice.m */,
			);
			path = UIDevice;
			sourceTree = "<group>";
		};
		2DE5937A29C75A0000779D07 /* UIImageView */ = {
			isa = PBXGroup;
			children = (
				2DE5937B29C75A0000779D07 /* UIImageView.m */,
				2DE5937C29C75A0000779D07 /* UIImageView.h */,
			);
			path = UIImageView;
			sourceTree = "<group>";
		};
		2DE5937D29C75A0000779D07 /* UIViewController */ = {
			isa = PBXGroup;
			children = (
				2DE5937E29C75A0000779D07 /* UIViewController.h */,
				2DE5937F29C75A0000779D07 /* UIViewController.m */,
			);
			path = UIViewController;
			sourceTree = "<group>";
		};
		2DE5938029C75A0000779D07 /* UIProgressView */ = {
			isa = PBXGroup;
			children = (
				2DE5938129C75A0000779D07 /* UIProgressView.h */,
				2DE5938229C75A0000779D07 /* UIProgressView.m */,
			);
			path = UIProgressView;
			sourceTree = "<group>";
		};
		2DF2DBC029BDBA4F0038CED8 /* Shared */ = {
			isa = PBXGroup;
			children = (
				2DE5934129C7387F00779D07 /* ObjectC */,
				2DF2DBC129BDBA4F0038CED8 /* Logger.swift */,
				2D02AB8E29BF327C00D8DFFD /* CommandStatus.swift */,
				2DF2DBC429BDBB700038CED8 /* SessionDelegator.swift */,
				2D47550529C1F4D700CD641E /* MessageManager.swift */,
				2DE5935B29C751DD00779D07 /* UiControll.swift */,
			);
			path = Shared;
			sourceTree = "<group>";
		};
		2DF2DBCE29BDEB6D0038CED8 /* ObjectC */ = {
			isa = PBXGroup;
			children = (
				2DE5935E29C75A0000779D07 /* expansion */,
				2DF2DBD029BDEBB60038CED8 /* ObjectInterface.h */,
				2DF2DBD129BDEC1B0038CED8 /* ObjectInterface.m */,
				2DE5935329C7479E00779D07 /* Utils.h */,
				2DE5935429C7479E00779D07 /* Utils.m */,
				2DE5935829C74A5000779D07 /* Command.h */,
				2DE5935929C74A5000779D07 /* Command.c */,
			);
			name = ObjectC;
			path = "watchos Watch App/ObjectC";
			sourceTree = SOURCE_ROOT;
		};
/* End PBXGroup section */

/* Begin PBXNativeTarget section */
		2D4C768129B9FA93007560B7 /* watchTest */ = {
			isa = PBXNativeTarget;
			buildConfigurationList = 2D4C76B129B9FA98007560B7 /* Build configuration list for PBXNativeTarget "watchTest" */;
			buildPhases = (
				2D4C767E29B9FA93007560B7 /* Sources */,
				2D4C767F29B9FA93007560B7 /* Frameworks */,
				2D4C768029B9FA93007560B7 /* Resources */,
				2D02AB9929BF3C0500D8DFFD /* Embed Watch Content */,
			);
			buildRules = (
			);
			dependencies = (
				2D02AB9829BF3C0500D8DFFD /* PBXTargetDependency */,
			);
			name = watchTest;
			productName = watchTest;
			productReference = 2D4C768229B9FA93007560B7 /* watchTest.app */;
			productType = "com.apple.product-type.application";
		};
		2D78698A29BA00D700951F2F /* watchos Watch App */ = {
			isa = PBXNativeTarget;
			buildConfigurationList = 2D78699829BA00D800951F2F /* Build configuration list for PBXNativeTarget "watchos Watch App" */;
			buildPhases = (
				2D78698729BA00D700951F2F /* Sources */,
				2D78698829BA00D700951F2F /* Frameworks */,
				2D78698929BA00D700951F2F /* Resources */,
			);
			buildRules = (
			);
			dependencies = (
			);
			name = "watchos Watch App";
			productName = "watchos Watch App";
			productReference = 2D78698B29BA00D700951F2F /* watchos Watch App.app */;
			productType = "com.apple.product-type.application";
		};
/* End PBXNativeTarget section */

/* Begin PBXProject section */
		2D4C767A29B9FA93007560B7 /* Project object */ = {
			isa = PBXProject;
			attributes = {
				BuildIndependentTargetsInParallel = 1;
				LastSwiftUpdateCheck = 1420;
				LastUpgradeCheck = 1420;
				TargetAttributes = {
					2D4C768129B9FA93007560B7 = {
						CreatedOnToolsVersion = 14.2;
					};
					2D78698A29BA00D700951F2F = {
						CreatedOnToolsVersion = 14.2;
						LastSwiftMigration = 1420;
					};
				};
			};
			buildConfigurationList = 2D4C767D29B9FA93007560B7 /* Build configuration list for PBXProject "watchTest" */;
			compatibilityVersion = "Xcode 14.0";
			developmentRegion = en;
			hasScannedForEncodings = 0;
			knownRegions = (
				en,
				Base,
			);
			mainGroup = 2D4C767929B9FA93007560B7;
			productRefGroup = 2D4C768329B9FA93007560B7 /* Products */;
			projectDirPath = "";
			projectRoot = "";
			targets = (
				2D4C768129B9FA93007560B7 /* watchTest */,
				2D78698A29BA00D700951F2F /* watchos Watch App */,
			);
		};
/* End PBXProject section */

/* Begin PBXResourcesBuildPhase section */
		2D4C768029B9FA93007560B7 /* Resources */ = {
			isa = PBXResourcesBuildPhase;
			buildActionMask = 2147483647;
			files = (
				2D4C769529B9FA97007560B7 /* LaunchScreen.storyboard in Resources */,
				2D4C769229B9FA97007560B7 /* Assets.xcassets in Resources */,
				2D4C769029B9FA93007560B7 /* Main.storyboard in Resources */,
			);
			runOnlyForDeploymentPostprocessing = 0;
		};
		2D78698929BA00D700951F2F /* Resources */ = {
			isa = PBXResourcesBuildPhase;
			buildActionMask = 2147483647;
			files = (
				2D78699529BA00D800951F2F /* Preview Assets.xcassets in Resources */,
				2D78699229BA00D800951F2F /* Assets.xcassets in Resources */,
			);
			runOnlyForDeploymentPostprocessing = 0;
		};
/* End PBXResourcesBuildPhase section */

/* Begin PBXSourcesBuildPhase section */
		2D4C767E29B9FA93007560B7 /* Sources */ = {
			isa = PBXSourcesBuildPhase;
			buildActionMask = 2147483647;
			files = (
				2DE5935C29C751DD00779D07 /* UiControll.swift in Sources */,
				2DE5935129C738D700779D07 /* hmac.c in Sources */,
				2DE5935229C738E700779D07 /* SSZipArchive.m in Sources */,
				2DE5934929C738D700779D07 /* pwd2key.c in Sources */,
				2DE5934429C738B300779D07 /* ioapi_buf.c in Sources */,
				2DE5934229C738B300779D07 /* ioapi_mem.c in Sources */,
				2DF2DBC229BDBA4F0038CED8 /* Logger.swift in Sources */,
				2DE5934F29C738D700779D07 /* aescrypt.c in Sources */,
				2D4C768D29B9FA93007560B7 /* ViewController.m in Sources */,
				2DE5934829C738B300779D07 /* minishared.c in Sources */,
				2DE5934629C738B300779D07 /* unzip.c in Sources */,
				2DF2DBC529BDBB700038CED8 /* SessionDelegator.swift in Sources */,
				2DE5934729C738B300779D07 /* ioapi.c in Sources */,
				2DE5934329C738B300779D07 /* crypt.c in Sources */,
				2DE5934D29C738D700779D07 /* prng.c in Sources */,
				2D4C768729B9FA93007560B7 /* AppDelegate.m in Sources */,
				2DE5934E29C738D700779D07 /* fileenc.c in Sources */,
				2D02AB8F29BF327C00D8DFFD /* CommandStatus.swift in Sources */,
				2DE5934C29C738D700779D07 /* sha1.c in Sources */,
				2D4C769829B9FA97007560B7 /* main.m in Sources */,
				2DE5934529C738B300779D07 /* zip.c in Sources */,
				2D47550629C1F4D700CD641E /* MessageManager.swift in Sources */,
				2DE5934B29C738D700779D07 /* aeskey.c in Sources */,
				2D4C768A29B9FA93007560B7 /* SceneDelegate.m in Sources */,
				2DE5935029C738D700779D07 /* aestab.c in Sources */,
				2DE5934A29C738D700779D07 /* aes_ni.c in Sources */,
			);
			runOnlyForDeploymentPostprocessing = 0;
		};
		2D78698729BA00D700951F2F /* Sources */ = {
			isa = PBXSourcesBuildPhase;
			buildActionMask = 2147483647;
			files = (
				2DE5933C29C71FE000779D07 /* aes_ni.c in Sources */,
				2DE5933829C71FE000779D07 /* hmac.c in Sources */,
				2DE5933129C71FE000779D07 /* unzip.c in Sources */,
				2DE5938729C75A0000779D07 /* UIActivityIndicatorView.m in Sources */,
				2DE5939529C75A0000779D07 /* UIView.m in Sources */,
				2DE5933629C71FE000779D07 /* minishared.c in Sources */,
				2DF2DBD329BDEC1B0038CED8 /* ObjectInterface.m in Sources */,
				2DE5939929C75A0000779D07 /* UIImageView.m in Sources */,
				2DE5938D29C75A0000779D07 /* UILabel.m in Sources */,
				2D02AB9029BF327C00D8DFFD /* CommandStatus.swift in Sources */,
				2DE5933529C71FE000779D07 /* ioapi_mem.c in Sources */,
				2DE5939D29C75A0000779D07 /* UIProgressView.m in Sources */,
				2DE5935529C7479E00779D07 /* Utils.m in Sources */,
				2DE5935D29C751DD00779D07 /* UiControll.swift in Sources */,
				2DE5933229C71FE000779D07 /* zip.c in Sources */,
				2DE5933029C71FE000779D07 /* crypt.c in Sources */,
				2DE5939329C75A0000779D07 /* UIAlertView.m in Sources */,
				2DE5938929C75A0000779D07 /* UIScreen.m in Sources */,
				2DE5933929C71FE000779D07 /* aescrypt.c in Sources */,
				2D47550729C1F4D700CD641E /* MessageManager.swift in Sources */,
				2DE5933429C71FE000779D07 /* ioapi_buf.c in Sources */,
				2DE5935A29C74A5000779D07 /* Command.c in Sources */,
				2DE5933E29C71FE000779D07 /* pwd2key.c in Sources */,
				2DE5939B29C75A0000779D07 /* UIViewController.m in Sources */,
				2DE5933D29C71FE000779D07 /* prng.c in Sources */,
				2DE5933729C71FE000779D07 /* aeskey.c in Sources */,
				2DE5933B29C71FE000779D07 /* sha1.c in Sources */,
				2DE5933A29C71FE000779D07 /* fileenc.c in Sources */,
				2DF2DBC629BDBB700038CED8 /* SessionDelegator.swift in Sources */,
				2D78699029BA00D700951F2F /* ContentView.swift in Sources */,
				2DE5933329C71FE000779D07 /* ioapi.c in Sources */,
				2DE5934029C71FE000779D07 /* SSZipArchive.m in Sources */,
				2DF2DBC329BDBA540038CED8 /* Logger.swift in Sources */,
				2DE5938F29C75A0000779D07 /* UIApplication.m in Sources */,
				2DE5939729C75A0000779D07 /* UIDevice.m in Sources */,
				2DE5938B29C75A0000779D07 /* UIRefreshControl.m in Sources */,
				2DE5939129C75A0000779D07 /* UIButton.m in Sources */,
				2DE5933F29C71FE000779D07 /* aestab.c in Sources */,
				2D78698E29BA00D700951F2F /* watchosApp.swift in Sources */,
			);
			runOnlyForDeploymentPostprocessing = 0;
		};
/* End PBXSourcesBuildPhase section */

/* Begin PBXTargetDependency section */
		2D02AB9829BF3C0500D8DFFD /* PBXTargetDependency */ = {
			isa = PBXTargetDependency;
			target = 2D78698A29BA00D700951F2F /* watchos Watch App */;
			targetProxy = 2D02AB9729BF3C0500D8DFFD /* PBXContainerItemProxy */;
		};
/* End PBXTargetDependency section */

/* Begin PBXVariantGroup section */
		2D4C768E29B9FA93007560B7 /* Main.storyboard */ = {
			isa = PBXVariantGroup;
			children = (
				2D4C768F29B9FA93007560B7 /* Base */,
			);
			name = Main.storyboard;
			sourceTree = "<group>";
		};
		2D4C769329B9FA97007560B7 /* LaunchScreen.storyboard */ = {
			isa = PBXVariantGroup;
			children = (
				2D4C769429B9FA97007560B7 /* Base */,
			);
			name = LaunchScreen.storyboard;
			sourceTree = "<group>";
		};
/* End PBXVariantGroup section */

/* Begin XCBuildConfiguration section */
		2D4C76AF29B9FA98007560B7 /* Debug */ = {
			isa = XCBuildConfiguration;
			buildSettings = {
				ALWAYS_SEARCH_USER_PATHS = NO;
				CLANG_ANALYZER_NONNULL = YES;
				CLANG_ANALYZER_NUMBER_OBJECT_CONVERSION = YES_AGGRESSIVE;
				CLANG_CXX_LANGUAGE_STANDARD = "gnu++20";
				CLANG_ENABLE_MODULES = YES;
				CLANG_ENABLE_OBJC_ARC = YES;
				CLANG_ENABLE_OBJC_WEAK = YES;
				CLANG_WARN_BLOCK_CAPTURE_AUTORELEASING = YES;
				CLANG_WARN_BOOL_CONVERSION = YES;
				CLANG_WARN_COMMA = YES;
				CLANG_WARN_CONSTANT_CONVERSION = YES;
				CLANG_WARN_DEPRECATED_OBJC_IMPLEMENTATIONS = YES;
				CLANG_WARN_DIRECT_OBJC_ISA_USAGE = YES_ERROR;
				CLANG_WARN_DOCUMENTATION_COMMENTS = YES;
				CLANG_WARN_EMPTY_BODY = YES;
				CLANG_WARN_ENUM_CONVERSION = YES;
				CLANG_WARN_INFINITE_RECURSION = YES;
				CLANG_WARN_INT_CONVERSION = YES;
				CLANG_WARN_NON_LITERAL_NULL_CONVERSION = YES;
				CLANG_WARN_OBJC_IMPLICIT_RETAIN_SELF = YES;
				CLANG_WARN_OBJC_LITERAL_CONVERSION = YES;
				CLANG_WARN_OBJC_ROOT_CLASS = YES_ERROR;
				CLANG_WARN_QUOTED_INCLUDE_IN_FRAMEWORK_HEADER = YES;
				CLANG_WARN_RANGE_LOOP_ANALYSIS = YES;
				CLANG_WARN_STRICT_PROTOTYPES = YES;
				CLANG_WARN_SUSPICIOUS_MOVE = YES;
				CLANG_WARN_UNGUARDED_AVAILABILITY = YES_AGGRESSIVE;
				CLANG_WARN_UNREACHABLE_CODE = YES;
				CLANG_WARN__DUPLICATE_METHOD_MATCH = YES;
				COPY_PHASE_STRIP = NO;
				DEBUG_INFORMATION_FORMAT = dwarf;
				ENABLE_STRICT_OBJC_MSGSEND = YES;
				ENABLE_TESTABILITY = YES;
				GCC_C_LANGUAGE_STANDARD = gnu11;
				GCC_DYNAMIC_NO_PIC = NO;
				GCC_NO_COMMON_BLOCKS = YES;
				GCC_OPTIMIZATION_LEVEL = 0;
				GCC_PREPROCESSOR_DEFINITIONS = (
					"DEBUG=1",
					"$(inherited)",
				);
				GCC_WARN_64_TO_32_BIT_CONVERSION = YES;
				GCC_WARN_ABOUT_RETURN_TYPE = YES_ERROR;
				GCC_WARN_UNDECLARED_SELECTOR = YES;
				GCC_WARN_UNINITIALIZED_AUTOS = YES_AGGRESSIVE;
				GCC_WARN_UNUSED_FUNCTION = YES;
				GCC_WARN_UNUSED_VARIABLE = YES;
				IPHONEOS_DEPLOYMENT_TARGET = 14.0;
				MTL_ENABLE_DEBUG_INFO = INCLUDE_SOURCE;
				MTL_FAST_MATH = YES;
				ONLY_ACTIVE_ARCH = YES;
				SDKROOT = iphoneos;
			};
			name = Debug;
		};
		2D4C76B029B9FA98007560B7 /* Release */ = {
			isa = XCBuildConfiguration;
			buildSettings = {
				ALWAYS_SEARCH_USER_PATHS = NO;
				CLANG_ANALYZER_NONNULL = YES;
				CLANG_ANALYZER_NUMBER_OBJECT_CONVERSION = YES_AGGRESSIVE;
				CLANG_CXX_LANGUAGE_STANDARD = "gnu++20";
				CLANG_ENABLE_MODULES = YES;
				CLANG_ENABLE_OBJC_ARC = YES;
				CLANG_ENABLE_OBJC_WEAK = YES;
				CLANG_WARN_BLOCK_CAPTURE_AUTORELEASING = YES;
				CLANG_WARN_BOOL_CONVERSION = YES;
				CLANG_WARN_COMMA = YES;
				CLANG_WARN_CONSTANT_CONVERSION = YES;
				CLANG_WARN_DEPRECATED_OBJC_IMPLEMENTATIONS = YES;
				CLANG_WARN_DIRECT_OBJC_ISA_USAGE = YES_ERROR;
				CLANG_WARN_DOCUMENTATION_COMMENTS = YES;
				CLANG_WARN_EMPTY_BODY = YES;
				CLANG_WARN_ENUM_CONVERSION = YES;
				CLANG_WARN_INFINITE_RECURSION = YES;
				CLANG_WARN_INT_CONVERSION = YES;
				CLANG_WARN_NON_LITERAL_NULL_CONVERSION = YES;
				CLANG_WARN_OBJC_IMPLICIT_RETAIN_SELF = YES;
				CLANG_WARN_OBJC_LITERAL_CONVERSION = YES;
				CLANG_WARN_OBJC_ROOT_CLASS = YES_ERROR;
				CLANG_WARN_QUOTED_INCLUDE_IN_FRAMEWORK_HEADER = YES;
				CLANG_WARN_RANGE_LOOP_ANALYSIS = YES;
				CLANG_WARN_STRICT_PROTOTYPES = YES;
				CLANG_WARN_SUSPICIOUS_MOVE = YES;
				CLANG_WARN_UNGUARDED_AVAILABILITY = YES_AGGRESSIVE;
				CLANG_WARN_UNREACHABLE_CODE = YES;
				CLANG_WARN__DUPLICATE_METHOD_MATCH = YES;
				COPY_PHASE_STRIP = NO;
				DEBUG_INFORMATION_FORMAT = "dwarf-with-dsym";
				ENABLE_NS_ASSERTIONS = NO;
				ENABLE_STRICT_OBJC_MSGSEND = YES;
				GCC_C_LANGUAGE_STANDARD = gnu11;
				GCC_NO_COMMON_BLOCKS = YES;
				GCC_WARN_64_TO_32_BIT_CONVERSION = YES;
				GCC_WARN_ABOUT_RETURN_TYPE = YES_ERROR;
				GCC_WARN_UNDECLARED_SELECTOR = YES;
				GCC_WARN_UNINITIALIZED_AUTOS = YES_AGGRESSIVE;
				GCC_WARN_UNUSED_FUNCTION = YES;
				GCC_WARN_UNUSED_VARIABLE = YES;
				IPHONEOS_DEPLOYMENT_TARGET = 14.0;
				MTL_ENABLE_DEBUG_INFO = NO;
				MTL_FAST_MATH = YES;
				SDKROOT = iphoneos;
				VALIDATE_PRODUCT = YES;
			};
			name = Release;
		};
		2D4C76B229B9FA98007560B7 /* Debug */ = {
			isa = XCBuildConfiguration;
			buildSettings = {
				ALWAYS_EMBED_SWIFT_STANDARD_LIBRARIES = YES;
				ASSETCATALOG_COMPILER_APPICON_NAME = AppIcon;
				ASSETCATALOG_COMPILER_GLOBAL_ACCENT_COLOR_NAME = AccentColor;
				CODE_SIGN_ENTITLEMENTS = watchTest/watchTest.entitlements;
				CODE_SIGN_STYLE = Automatic;
				CURRENT_PROJECT_VERSION = 1;
				DEVELOPMENT_TEAM = RE43LDLX3D;
				GENERATE_INFOPLIST_FILE = YES;
				INFOPLIST_FILE = watchTest/Info.plist;
				INFOPLIST_KEY_LSSupportsOpeningDocumentsInPlace = YES;
				INFOPLIST_KEY_UIApplicationSupportsIndirectInputEvents = YES;
				INFOPLIST_KEY_UILaunchStoryboardName = LaunchScreen;
				INFOPLIST_KEY_UIMainStoryboardFile = Main;
				INFOPLIST_KEY_UISupportedInterfaceOrientations_iPad = "UIInterfaceOrientationPortrait UIInterfaceOrientationPortraitUpsideDown UIInterfaceOrientationLandscapeLeft UIInterfaceOrientationLandscapeRight";
				INFOPLIST_KEY_UISupportedInterfaceOrientations_iPhone = "UIInterfaceOrientationPortrait UIInterfaceOrientationLandscapeLeft UIInterfaceOrientationLandscapeRight";
				LD_RUNPATH_SEARCH_PATHS = (
					"$(inherited)",
					"@executable_path/Frameworks",
				);
				MARKETING_VERSION = 1.0;
				PRODUCT_BUNDLE_IDENTIFIER = com.letusgo.watchTest;
				PRODUCT_NAME = "$(TARGET_NAME)";
				SWIFT_COMPILATION_MODE = wholemodule;
				SWIFT_EMIT_LOC_STRINGS = YES;
				SWIFT_OBJC_BRIDGING_HEADER = "$(SWIFT_MODULE_NAME)-Bridging-Header.h";
				SWIFT_VERSION = 5.0;
				TARGETED_DEVICE_FAMILY = "1,2";
			};
			name = Debug;
		};
		2D4C76B329B9FA98007560B7 /* Release */ = {
			isa = XCBuildConfiguration;
			buildSettings = {
				ALWAYS_EMBED_SWIFT_STANDARD_LIBRARIES = YES;
				ASSETCATALOG_COMPILER_APPICON_NAME = AppIcon;
				ASSETCATALOG_COMPILER_GLOBAL_ACCENT_COLOR_NAME = AccentColor;
				CODE_SIGN_ENTITLEMENTS = watchTest/watchTest.entitlements;
				CODE_SIGN_STYLE = Automatic;
				CURRENT_PROJECT_VERSION = 1;
				DEVELOPMENT_TEAM = RE43LDLX3D;
				GENERATE_INFOPLIST_FILE = YES;
				INFOPLIST_FILE = watchTest/Info.plist;
				INFOPLIST_KEY_LSSupportsOpeningDocumentsInPlace = YES;
				INFOPLIST_KEY_UIApplicationSupportsIndirectInputEvents = YES;
				INFOPLIST_KEY_UILaunchStoryboardName = LaunchScreen;
				INFOPLIST_KEY_UIMainStoryboardFile = Main;
				INFOPLIST_KEY_UISupportedInterfaceOrientations_iPad = "UIInterfaceOrientationPortrait UIInterfaceOrientationPortraitUpsideDown UIInterfaceOrientationLandscapeLeft UIInterfaceOrientationLandscapeRight";
				INFOPLIST_KEY_UISupportedInterfaceOrientations_iPhone = "UIInterfaceOrientationPortrait UIInterfaceOrientationLandscapeLeft UIInterfaceOrientationLandscapeRight";
				LD_RUNPATH_SEARCH_PATHS = (
					"$(inherited)",
					"@executable_path/Frameworks",
				);
				MARKETING_VERSION = 1.0;
				PRODUCT_BUNDLE_IDENTIFIER = com.letusgo.watchTest;
				PRODUCT_NAME = "$(TARGET_NAME)";
				SWIFT_COMPILATION_MODE = wholemodule;
				SWIFT_EMIT_LOC_STRINGS = YES;
				SWIFT_OBJC_BRIDGING_HEADER = "$(SWIFT_MODULE_NAME)-Bridging-Header.h";
				SWIFT_VERSION = 5.0;
				TARGETED_DEVICE_FAMILY = "1,2";
			};
			name = Release;
		};
		2D78699629BA00D800951F2F /* Debug */ = {
			isa = XCBuildConfiguration;
			buildSettings = {
				ALWAYS_EMBED_SWIFT_STANDARD_LIBRARIES = YES;
				ASSETCATALOG_COMPILER_APPICON_NAME = AppIcon;
				ASSETCATALOG_COMPILER_GLOBAL_ACCENT_COLOR_NAME = AccentColor;
				ASSETCATALOG_COMPILER_INCLUDE_ALL_APPICON_ASSETS = NO;
				CLANG_ENABLE_MODULES = YES;
				CODE_SIGN_ENTITLEMENTS = "watchos Watch App/watchos Watch App.entitlements";
				CODE_SIGN_STYLE = Automatic;
				CURRENT_PROJECT_VERSION = 1;
				DEVELOPMENT_ASSET_PATHS = "\"watchos Watch App/Preview Content\"";
				DEVELOPMENT_TEAM = RE43LDLX3D;
				ENABLE_PREVIEWS = YES;
				GENERATE_INFOPLIST_FILE = YES;
				INFOPLIST_FILE = "watchos-Watch-App-Info.plist";
				INFOPLIST_KEY_CFBundleDisplayName = watchos;
				INFOPLIST_KEY_UISupportedInterfaceOrientations = "UIInterfaceOrientationPortrait UIInterfaceOrientationPortraitUpsideDown";
				INFOPLIST_KEY_WKCompanionAppBundleIdentifier = com.letusgo.watchTest;
				INFOPLIST_KEY_WKRunsIndependentlyOfCompanionApp = YES;
				LD_RUNPATH_SEARCH_PATHS = (
					"$(inherited)",
					"@executable_path/Frameworks",
				);
				MARKETING_VERSION = 1.0;
				PRODUCT_BUNDLE_IDENTIFIER = com.letusgo.watchTest.watchkitapp;
				PRODUCT_NAME = "$(TARGET_NAME)";
				SDKROOT = watchos;
				SKIP_INSTALL = YES;
				SWIFT_ACTIVE_COMPILATION_CONDITIONS = DEBUG;
				SWIFT_EMIT_LOC_STRINGS = YES;
				SWIFT_OBJC_BRIDGING_HEADER = "watchos Watch App/watchos Watch App-Bridging-Header.h";
				SWIFT_OPTIMIZATION_LEVEL = "-Onone";
				SWIFT_VERSION = 5.0;
				TARGETED_DEVICE_FAMILY = 4;
				WATCHOS_DEPLOYMENT_TARGET = 7.0;
			};
			name = Debug;
		};
		2D78699729BA00D800951F2F /* Release */ = {
			isa = XCBuildConfiguration;
			buildSettings = {
				ALWAYS_EMBED_SWIFT_STANDARD_LIBRARIES = YES;
				ASSETCATALOG_COMPILER_APPICON_NAME = AppIcon;
				ASSETCATALOG_COMPILER_GLOBAL_ACCENT_COLOR_NAME = AccentColor;
				ASSETCATALOG_COMPILER_INCLUDE_ALL_APPICON_ASSETS = NO;
				CLANG_ENABLE_MODULES = YES;
				CODE_SIGN_ENTITLEMENTS = "watchos Watch App/watchos Watch App.entitlements";
				CODE_SIGN_STYLE = Automatic;
				CURRENT_PROJECT_VERSION = 1;
				DEVELOPMENT_ASSET_PATHS = "\"watchos Watch App/Preview Content\"";
				DEVELOPMENT_TEAM = RE43LDLX3D;
				ENABLE_PREVIEWS = YES;
				GENERATE_INFOPLIST_FILE = YES;
				INFOPLIST_FILE = "watchos-Watch-App-Info.plist";
				INFOPLIST_KEY_CFBundleDisplayName = watchos;
				INFOPLIST_KEY_UISupportedInterfaceOrientations = "UIInterfaceOrientationPortrait UIInterfaceOrientationPortraitUpsideDown";
				INFOPLIST_KEY_WKCompanionAppBundleIdentifier = com.letusgo.watchTest;
				INFOPLIST_KEY_WKRunsIndependentlyOfCompanionApp = YES;
				LD_RUNPATH_SEARCH_PATHS = (
					"$(inherited)",
					"@executable_path/Frameworks",
				);
				MARKETING_VERSION = 1.0;
				PRODUCT_BUNDLE_IDENTIFIER = com.letusgo.watchTest.watchkitapp;
				PRODUCT_NAME = "$(TARGET_NAME)";
				SDKROOT = watchos;
				SKIP_INSTALL = YES;
				SWIFT_COMPILATION_MODE = wholemodule;
				SWIFT_EMIT_LOC_STRINGS = YES;
				SWIFT_OBJC_BRIDGING_HEADER = "watchos Watch App/watchos Watch App-Bridging-Header.h";
				SWIFT_OPTIMIZATION_LEVEL = "-O";
				SWIFT_VERSION = 5.0;
				TARGETED_DEVICE_FAMILY = 4;
				WATCHOS_DEPLOYMENT_TARGET = 7.0;
			};
			name = Release;
		};
/* End XCBuildConfiguration section */

/* Begin XCConfigurationList section */
		2D4C767D29B9FA93007560B7 /* Build configuration list for PBXProject "watchTest" */ = {
			isa = XCConfigurationList;
			buildConfigurations = (
				2D4C76AF29B9FA98007560B7 /* Debug */,
				2D4C76B029B9FA98007560B7 /* Release */,
			);
			defaultConfigurationIsVisible = 0;
			defaultConfigurationName = Release;
		};
		2D4C76B129B9FA98007560B7 /* Build configuration list for PBXNativeTarget "watchTest" */ = {
			isa = XCConfigurationList;
			buildConfigurations = (
				2D4C76B229B9FA98007560B7 /* Debug */,
				2D4C76B329B9FA98007560B7 /* Release */,
			);
			defaultConfigurationIsVisible = 0;
			defaultConfigurationName = Release;
		};
		2D78699829BA00D800951F2F /* Build configuration list for PBXNativeTarget "watchos Watch App" */ = {
			isa = XCConfigurationList;
			buildConfigurations = (
				2D78699629BA00D800951F2F /* Debug */,
				2D78699729BA00D800951F2F /* Release */,
			);
			defaultConfigurationIsVisible = 0;
			defaultConfigurationName = Release;
		};
/* End XCConfigurationList section */
	};
	rootObject = 2D4C767A29B9FA93007560B7 /* Project object */;
}
